{
  "nodes": {
    "nixpkgs": {
      "locked": {
        "lastModified": 1736573312,
        "narHash": "sha256-q0A7tJkWvX0SbUWiqBwMjqB3br1YuKDJjmzlsW2Vhgc=",
        "owner": "NixOS",
        "repo": "nixpkgs",
        "rev": "ffa89e36dd6d53e9a22acd52e27e14b383cc1243",
        "type": "github"
      },
      "original": {
        "id": "nixpkgs",
        "ref": "release-24.11",
        "type": "indirect"
      }
    },
    "root": {
      "inputs": {
        "nixpkgs": "nixpkgs"
      }
    }
  },
  "root": "root",
  "version": 7
}
